
Microsoft Visual Studio Solution File, Format Version 12.00
# Visual Studio Version 17
VisualStudioVersion = 17.0.32014.148
MinimumVisualStudioVersion = 10.0.40219.1
Project("{FAE04EC0-301F-11D3-BF4B-00C04F79EFBC}") = "SFA.DAS.ProviderEarnings.DurableFunctions", "SFA.DAS.ProviderEarnings.DurableFunctions\SFA.DAS.ProviderEarnings.DurableFunctions.csproj", "{6F5E3C1D-5408-4484-82BF-ABA50656953F}"
EndProject
Project("{00D1A9C2-B5F0-4AF3-8072-F6C62B433612}") = "SFA.DAS.ProviderEarnings.Database", "SFA.DAS.ProviderEarnings.Database\SFA.DAS.ProviderEarnings.Database.sqlproj", "{CAC7932F-3265-4884-BC9D-0BE811FDD44E}"
EndProject
Project("{FAE04EC0-301F-11D3-BF4B-00C04F79EFBC}") = "SFA.DAS.ProviderEarnings.InnerApi", "SFA.DAS.ProviderEarnings.InnerApi\SFA.DAS.ProviderEarnings.InnerApi.csproj", "{708F0940-3CC8-402E-8404-F7265F3BDC4A}"
EndProject
Global
	GlobalSection(SolutionConfigurationPlatforms) = preSolution
		Debug|Any CPU = Debug|Any CPU
		Release|Any CPU = Release|Any CPU
	EndGlobalSection
	GlobalSection(ProjectConfigurationPlatforms) = postSolution
		{6F5E3C1D-5408-4484-82BF-ABA50656953F}.Debug|Any CPU.ActiveCfg = Debug|Any CPU
		{6F5E3C1D-5408-4484-82BF-ABA50656953F}.Debug|Any CPU.Build.0 = Debug|Any CPU
		{6F5E3C1D-5408-4484-82BF-ABA50656953F}.Release|Any CPU.ActiveCfg = Release|Any CPU
		{6F5E3C1D-5408-4484-82BF-ABA50656953F}.Release|Any CPU.Build.0 = Release|Any CPU
		{CAC7932F-3265-4884-BC9D-0BE811FDD44E}.Debug|Any CPU.ActiveCfg = Debug|Any CPU
		{CAC7932F-3265-4884-BC9D-0BE811FDD44E}.Debug|Any CPU.Build.0 = Debug|Any CPU
		{CAC7932F-3265-4884-BC9D-0BE811FDD44E}.Debug|Any CPU.Deploy.0 = Debug|Any CPU
		{CAC7932F-3265-4884-BC9D-0BE811FDD44E}.Release|Any CPU.ActiveCfg = Release|Any CPU
		{CAC7932F-3265-4884-BC9D-0BE811FDD44E}.Release|Any CPU.Build.0 = Release|Any CPU
		{CAC7932F-3265-4884-BC9D-0BE811FDD44E}.Release|Any CPU.Deploy.0 = Release|Any CPU
		{708F0940-3CC8-402E-8404-F7265F3BDC4A}.Debug|Any CPU.ActiveCfg = Debug|Any CPU
		{708F0940-3CC8-402E-8404-F7265F3BDC4A}.Debug|Any CPU.Build.0 = Debug|Any CPU
		{708F0940-3CC8-402E-8404-F7265F3BDC4A}.Release|Any CPU.ActiveCfg = Release|Any CPU
		{708F0940-3CC8-402E-8404-F7265F3BDC4A}.Release|Any CPU.Build.0 = Release|Any CPU
	EndGlobalSection
	GlobalSection(SolutionProperties) = preSolution
		HideSolutionNode = FALSE
	EndGlobalSection
	GlobalSection(ExtensibilityGlobals) = postSolution
		SolutionGuid = {0A244BDC-EE6C-4218-8982-87E249BFFA07}
	EndGlobalSection
EndGlobal
