
Microsoft Visual Studio Solution File, Format Version 12.00
# Visual Studio Version 17
VisualStudioVersion = 17.0.32014.148
MinimumVisualStudioVersion = 10.0.40219.1
Project("{9A19103F-16F7-4668-BE54-9A1E7A4F7556}") = "SFA.DAS.ProviderEarnings.DurableFunctions", "SFA.DAS.ProviderEarnings.DurableFunctions\SFA.DAS.ProviderEarnings.DurableFunctions.csproj", "{6F5E3C1D-5408-4484-82BF-ABA50656953F}"
EndProject
Project("{00D1A9C2-B5F0-4AF3-8072-F6C62B433612}") = "SFA.DAS.ProviderEarnings.Database", "SFA.DAS.ProviderEarnings.Database\SFA.DAS.ProviderEarnings.Database.sqlproj", "{CAC7932F-3265-4884-BC9D-0BE811FDD44E}"
EndProject
Project("{9A19103F-16F7-4668-BE54-9A1E7A4F7556}") = "SFA.DAS.ProviderEarnings.InnerApi", "SFA.DAS.ProviderEarnings.InnerApi\SFA.DAS.ProviderEarnings.InnerApi.csproj", "{708F0940-3CC8-402E-8404-F7265F3BDC4A}"
EndProject
Project("{2150E333-8FDC-42A3-9474-1A3956D46DE8}") = "Tests", "Tests", "{96FDC396-1D22-44B1-ACFE-81CFB32E4268}"
EndProject
Project("{FAE04EC0-301F-11D3-BF4B-00C04F79EFBC}") = "SFA.DAS.ProviderEarnings.Command", "SFA.DAS.ProviderEarnings.Command\SFA.DAS.ProviderEarnings.Command.csproj", "{08388E38-CDBD-4C24-91E8-92ED32CB2824}"
EndProject
Project("{FAE04EC0-301F-11D3-BF4B-00C04F79EFBC}") = "SFA.DAS.ProviderEarnings.Queries", "SFA.DAS.ProviderEarnings.Queries\SFA.DAS.ProviderEarnings.Queries.csproj", "{1350A214-8BEF-424B-A64C-A3A5E541A435}"
EndProject
Project("{FAE04EC0-301F-11D3-BF4B-00C04F79EFBC}") = "SFA.DAS.ProviderEarnings.Domain", "SFA.DAS.ProviderEarnings.Domain\SFA.DAS.ProviderEarnings.Domain.csproj", "{2AD62FA6-5B66-47D8-B33E-B61F7A1D4E01}"
EndProject
Project("{FAE04EC0-301F-11D3-BF4B-00C04F79EFBC}") = "SFA.DAS.ProviderEarnings.DataAccess", "SFA.DAS.ProviderEarnings.DataAccess\SFA.DAS.ProviderEarnings.DataAccess.csproj", "{087623D5-B020-4DBA-B814-76F57182D18C}"
EndProject
Global
	GlobalSection(SolutionConfigurationPlatforms) = preSolution
		Debug|Any CPU = Debug|Any CPU
		Release|Any CPU = Release|Any CPU
	EndGlobalSection
	GlobalSection(ProjectConfigurationPlatforms) = postSolution
		{6F5E3C1D-5408-4484-82BF-ABA50656953F}.Debug|Any CPU.ActiveCfg = Debug|Any CPU
		{6F5E3C1D-5408-4484-82BF-ABA50656953F}.Debug|Any CPU.Build.0 = Debug|Any CPU
		{6F5E3C1D-5408-4484-82BF-ABA50656953F}.Release|Any CPU.ActiveCfg = Release|Any CPU
		{6F5E3C1D-5408-4484-82BF-ABA50656953F}.Release|Any CPU.Build.0 = Release|Any CPU
		{CAC7932F-3265-4884-BC9D-0BE811FDD44E}.Debug|Any CPU.ActiveCfg = Debug|Any CPU
		{CAC7932F-3265-4884-BC9D-0BE811FDD44E}.Debug|Any CPU.Build.0 = Debug|Any CPU
		{CAC7932F-3265-4884-BC9D-0BE811FDD44E}.Debug|Any CPU.Deploy.0 = Debug|Any CPU
		{CAC7932F-3265-4884-BC9D-0BE811FDD44E}.Release|Any CPU.ActiveCfg = Release|Any CPU
		{CAC7932F-3265-4884-BC9D-0BE811FDD44E}.Release|Any CPU.Build.0 = Release|Any CPU
		{CAC7932F-3265-4884-BC9D-0BE811FDD44E}.Release|Any CPU.Deploy.0 = Release|Any CPU
		{708F0940-3CC8-402E-8404-F7265F3BDC4A}.Debug|Any CPU.ActiveCfg = Debug|Any CPU
		{708F0940-3CC8-402E-8404-F7265F3BDC4A}.Debug|Any CPU.Build.0 = Debug|Any CPU
		{708F0940-3CC8-402E-8404-F7265F3BDC4A}.Release|Any CPU.ActiveCfg = Release|Any CPU
		{708F0940-3CC8-402E-8404-F7265F3BDC4A}.Release|Any CPU.Build.0 = Release|Any CPU
		{08388E38-CDBD-4C24-91E8-92ED32CB2824}.Debug|Any CPU.ActiveCfg = Debug|Any CPU
		{08388E38-CDBD-4C24-91E8-92ED32CB2824}.Debug|Any CPU.Build.0 = Debug|Any CPU
		{08388E38-CDBD-4C24-91E8-92ED32CB2824}.Release|Any CPU.ActiveCfg = Release|Any CPU
		{08388E38-CDBD-4C24-91E8-92ED32CB2824}.Release|Any CPU.Build.0 = Release|Any CPU
		{1350A214-8BEF-424B-A64C-A3A5E541A435}.Debug|Any CPU.ActiveCfg = Debug|Any CPU
		{1350A214-8BEF-424B-A64C-A3A5E541A435}.Debug|Any CPU.Build.0 = Debug|Any CPU
		{1350A214-8BEF-424B-A64C-A3A5E541A435}.Release|Any CPU.ActiveCfg = Release|Any CPU
		{1350A214-8BEF-424B-A64C-A3A5E541A435}.Release|Any CPU.Build.0 = Release|Any CPU
		{2AD62FA6-5B66-47D8-B33E-B61F7A1D4E01}.Debug|Any CPU.ActiveCfg = Debug|Any CPU
		{2AD62FA6-5B66-47D8-B33E-B61F7A1D4E01}.Debug|Any CPU.Build.0 = Debug|Any CPU
		{2AD62FA6-5B66-47D8-B33E-B61F7A1D4E01}.Release|Any CPU.ActiveCfg = Release|Any CPU
		{2AD62FA6-5B66-47D8-B33E-B61F7A1D4E01}.Release|Any CPU.Build.0 = Release|Any CPU
		{087623D5-B020-4DBA-B814-76F57182D18C}.Debug|Any CPU.ActiveCfg = Debug|Any CPU
		{087623D5-B020-4DBA-B814-76F57182D18C}.Debug|Any CPU.Build.0 = Debug|Any CPU
		{087623D5-B020-4DBA-B814-76F57182D18C}.Release|Any CPU.ActiveCfg = Release|Any CPU
		{087623D5-B020-4DBA-B814-76F57182D18C}.Release|Any CPU.Build.0 = Release|Any CPU
	EndGlobalSection
	GlobalSection(SolutionProperties) = preSolution
		HideSolutionNode = FALSE
	EndGlobalSection
	GlobalSection(ExtensibilityGlobals) = postSolution
		SolutionGuid = {0A244BDC-EE6C-4218-8982-87E249BFFA07}
	EndGlobalSection
EndGlobal
