
Microsoft Visual Studio Solution File, Format Version 12.00
# Visual Studio Version 17
VisualStudioVersion = 17.0.32014.148
MinimumVisualStudioVersion = 10.0.40219.1
Project("{9A19103F-16F7-4668-BE54-9A1E7A4F7556}") = "SFA.DAS.Funding.ApprenticeshipEarnings.Command", "Command\SFA.DAS.Funding.ApprenticeshipEarnings.Command.csproj", "{162AD74E-6760-458B-9C9A-293EDDD21003}"
EndProject
Project("{9A19103F-16F7-4668-BE54-9A1E7A4F7556}") = "SFA.DAS.Funding.ApprenticeshipEarnings.DataAccess", "DataAccess\SFA.DAS.Funding.ApprenticeshipEarnings.DataAccess.csproj", "{E172AA5A-8928-4FC7-B8CF-ECB45648A142}"
EndProject
Project("{00D1A9C2-B5F0-4AF3-8072-F6C62B433612}") = "SFA.DAS.Funding.ApprenticeshipEarnings.Database", "Database\SFA.DAS.Funding.ApprenticeshipEarnings.Database.sqlproj", "{CAC7932F-3265-4884-BC9D-0BE811FDD44E}"
EndProject
Project("{9A19103F-16F7-4668-BE54-9A1E7A4F7556}") = "SFA.DAS.Funding.ApprenticeshipEarnings.Domain", "Domain\SFA.DAS.Funding.ApprenticeshipEarnings.Domain.csproj", "{12004995-D0F4-4F99-8435-CE42C579EB7F}"
EndProject
Project("{9A19103F-16F7-4668-BE54-9A1E7A4F7556}") = "SFA.DAS.Funding.ApprenticeshipEarnings.InnerApi", "InnerApi\SFA.DAS.Funding.ApprenticeshipEarnings.InnerApi.csproj", "{92DEF2D3-AEE4-44C0-BC60-C4259A332DB8}"
EndProject
Project("{9A19103F-16F7-4668-BE54-9A1E7A4F7556}") = "SFA.DAS.Funding.ApprenticeshipEarnings.Queries", "Queries\SFA.DAS.Funding.ApprenticeshipEarnings.Queries.csproj", "{07844F7C-BE1C-424D-BC6E-CDEDEF8C5380}"
EndProject
Project("{9A19103F-16F7-4668-BE54-9A1E7A4F7556}") = "SFA.DAS.Funding.ApprenticeshipEarnings.DurableFunctions", "DurableFunctions\SFA.DAS.Funding.ApprenticeshipEarnings.DurableFunctions.csproj", "{15C38F71-002C-44D3-8467-2ED893EA1120}"
EndProject
Project("{9A19103F-16F7-4668-BE54-9A1E7A4F7556}") = "SFA.DAS.Funding.ApprenticeshipEarnings.Domain.Tests", "Domain.Tests\SFA.DAS.Funding.ApprenticeshipEarnings.Domain.Tests.csproj", "{0E5FBB69-B1BA-4DDD-8CE2-228CA203C36E}"
EndProject
Project("{9A19103F-16F7-4668-BE54-9A1E7A4F7556}") = "SFA.DAS.Funding.ApprenticeshipEarnings.Acceptance", "AcceptanceTests\SFA.DAS.Funding.ApprenticeshipEarnings.Acceptance.csproj", "{A22E55BF-9071-42BE-9F66-80D21815AADD}"
EndProject
Project("{9A19103F-16F7-4668-BE54-9A1E7A4F7556}") = "SFA.DAS.Funding.ApprenticeshipEarnings.TestHelpers", "TestHelpers\SFA.DAS.Funding.ApprenticeshipEarnings.TestHelpers.csproj", "{44B8941D-9B56-4024-A04B-E819AFCECA1F}"
EndProject
Project("{9A19103F-16F7-4668-BE54-9A1E7A4F7556}") = "SFA.DAS.Funding.ApprenticeshipEarnings.DurableEntities", "DurableEntities\SFA.DAS.Funding.ApprenticeshipEarnings.DurableEntities.csproj", "{DE9DC81B-42B9-4890-A3EF-8315CA9A6D43}"
EndProject
Project("{9A19103F-16F7-4668-BE54-9A1E7A4F7556}") = "SFA.DAS.Funding.ApprenticeshipEarnings.Infrastructure", "Infrastructure\SFA.DAS.Funding.ApprenticeshipEarnings.Infrastructure.csproj", "{BC323D44-59D1-48C6-B8A3-EC87A5901204}"
EndProject
Project("{9A19103F-16F7-4668-BE54-9A1E7A4F7556}") = "SFA.DAS.Funding.ApprenticeshipEarnings.InternalEvents", "ApprenticeshipEarnings.InternalEvents\SFA.DAS.Funding.ApprenticeshipEarnings.InternalEvents.csproj", "{73F60DC3-B5D1-49C8-8BF0-89FB5B39C1B8}"
EndProject
Project("{FAE04EC0-301F-11D3-BF4B-00C04F79EFBC}") = "NServiceBusTestConsole", "NServiceBusTestConsole\NServiceBusTestConsole.csproj", "{ACF11D1A-8F7B-44DA-8520-2349A870B5FD}"
EndProject
Project("{9A19103F-16F7-4668-BE54-9A1E7A4F7556}") = "SFA.DAS.Funding.ApprenticeshipEarnings.Funcs31", "SFA.DAS.Funding.ApprenticeshipEarnings.Funcs31\SFA.DAS.Funding.ApprenticeshipEarnings.Funcs31.csproj", "{4FDCFF14-C0ED-451A-9BF9-48364E39B98B}"
EndProject
Project("{FAE04EC0-301F-11D3-BF4B-00C04F79EFBC}") = "SFA.DAS.Funding.ApprenticeshipEarnings.DurableEntities.Tests", "ApprenticeshipEarnings.DurableEntities.Tests\SFA.DAS.Funding.ApprenticeshipEarnings.DurableEntities.Tests.csproj", "{C46F6030-5DFD-4688-98D8-428F3E035DAD}"
EndProject
Project("{9A19103F-16F7-4668-BE54-9A1E7A4F7556}") = "SFA.DAS.Funding.ApprenticeshipEarnings.Funcs60", "SFA.DAS.Funding.ApprenticeshipEarnings.Funcs60\SFA.DAS.Funding.ApprenticeshipEarnings.Funcs60.csproj", "{85CD44CA-548C-4809-890E-5D29F587E91E}"
EndProject
Project("{FAE04EC0-301F-11D3-BF4B-00C04F79EFBC}") = "SFA.DAS.Funding.ApprenticeshipEarnings.Application", "ApprenticeshipEarnings.Application\SFA.DAS.Funding.ApprenticeshipEarnings.Application.csproj", "{424C525B-6FDE-4F50-B409-8CE43B1F20CA}"
EndProject
Project("{2150E333-8FDC-42A3-9474-1A3956D46DE8}") = "SFA.DAS.Shared", "SFA.DAS.Shared", "{734738A9-9A69-4925-A195-5CEE1D081404}"
EndProject
Project("{FAE04EC0-301F-11D3-BF4B-00C04F79EFBC}") = "SFA.DAS.Funding.ApprenticeshipEarnings.Application.Tests", "ApprenticeshipEarnings.Application.Tests\SFA.DAS.Funding.ApprenticeshipEarnings.Application.Tests.csproj", "{E41DB603-BF01-455D-86B0-DB482B40743F}"
EndProject
Project("{9A19103F-16F7-4668-BE54-9A1E7A4F7556}") = "SFA.DAS.NServiceBus", "SFA.DAS.Shared\SFA.DAS.NServiceBus\SFA.DAS.NServiceBus.csproj", "{B9F7574D-C131-4EEC-A5E5-4AB6F3D32EFD}"
EndProject
Project("{9A19103F-16F7-4668-BE54-9A1E7A4F7556}") = "SFA.DAS.NServiceBus.AzureFunction", "SFA.DAS.Shared\SFA.DAS.NServiceBus.AzureFunction\SFA.DAS.NServiceBus.AzureFunction.csproj", "{66E8D61E-0CC1-4940-8087-EA7FB4120642}"
EndProject
Global
	GlobalSection(SolutionConfigurationPlatforms) = preSolution
		Debug|Any CPU = Debug|Any CPU
		Release|Any CPU = Release|Any CPU
	EndGlobalSection
	GlobalSection(ProjectConfigurationPlatforms) = postSolution
		{162AD74E-6760-458B-9C9A-293EDDD21003}.Debug|Any CPU.ActiveCfg = Debug|Any CPU
		{162AD74E-6760-458B-9C9A-293EDDD21003}.Debug|Any CPU.Build.0 = Debug|Any CPU
		{162AD74E-6760-458B-9C9A-293EDDD21003}.Release|Any CPU.ActiveCfg = Release|Any CPU
		{162AD74E-6760-458B-9C9A-293EDDD21003}.Release|Any CPU.Build.0 = Release|Any CPU
		{E172AA5A-8928-4FC7-B8CF-ECB45648A142}.Debug|Any CPU.ActiveCfg = Debug|Any CPU
		{E172AA5A-8928-4FC7-B8CF-ECB45648A142}.Debug|Any CPU.Build.0 = Debug|Any CPU
		{E172AA5A-8928-4FC7-B8CF-ECB45648A142}.Release|Any CPU.ActiveCfg = Release|Any CPU
		{E172AA5A-8928-4FC7-B8CF-ECB45648A142}.Release|Any CPU.Build.0 = Release|Any CPU
		{CAC7932F-3265-4884-BC9D-0BE811FDD44E}.Debug|Any CPU.ActiveCfg = Debug|Any CPU
		{CAC7932F-3265-4884-BC9D-0BE811FDD44E}.Debug|Any CPU.Build.0 = Debug|Any CPU
		{CAC7932F-3265-4884-BC9D-0BE811FDD44E}.Debug|Any CPU.Deploy.0 = Debug|Any CPU
		{CAC7932F-3265-4884-BC9D-0BE811FDD44E}.Release|Any CPU.ActiveCfg = Release|Any CPU
		{CAC7932F-3265-4884-BC9D-0BE811FDD44E}.Release|Any CPU.Build.0 = Release|Any CPU
		{CAC7932F-3265-4884-BC9D-0BE811FDD44E}.Release|Any CPU.Deploy.0 = Release|Any CPU
		{12004995-D0F4-4F99-8435-CE42C579EB7F}.Debug|Any CPU.ActiveCfg = Debug|Any CPU
		{12004995-D0F4-4F99-8435-CE42C579EB7F}.Debug|Any CPU.Build.0 = Debug|Any CPU
		{12004995-D0F4-4F99-8435-CE42C579EB7F}.Release|Any CPU.ActiveCfg = Release|Any CPU
		{12004995-D0F4-4F99-8435-CE42C579EB7F}.Release|Any CPU.Build.0 = Release|Any CPU
		{92DEF2D3-AEE4-44C0-BC60-C4259A332DB8}.Debug|Any CPU.ActiveCfg = Debug|Any CPU
		{92DEF2D3-AEE4-44C0-BC60-C4259A332DB8}.Debug|Any CPU.Build.0 = Debug|Any CPU
		{92DEF2D3-AEE4-44C0-BC60-C4259A332DB8}.Release|Any CPU.ActiveCfg = Release|Any CPU
		{92DEF2D3-AEE4-44C0-BC60-C4259A332DB8}.Release|Any CPU.Build.0 = Release|Any CPU
		{07844F7C-BE1C-424D-BC6E-CDEDEF8C5380}.Debug|Any CPU.ActiveCfg = Debug|Any CPU
		{07844F7C-BE1C-424D-BC6E-CDEDEF8C5380}.Debug|Any CPU.Build.0 = Debug|Any CPU
		{07844F7C-BE1C-424D-BC6E-CDEDEF8C5380}.Release|Any CPU.ActiveCfg = Release|Any CPU
		{07844F7C-BE1C-424D-BC6E-CDEDEF8C5380}.Release|Any CPU.Build.0 = Release|Any CPU
		{15C38F71-002C-44D3-8467-2ED893EA1120}.Debug|Any CPU.ActiveCfg = Debug|Any CPU
		{15C38F71-002C-44D3-8467-2ED893EA1120}.Debug|Any CPU.Build.0 = Debug|Any CPU
		{15C38F71-002C-44D3-8467-2ED893EA1120}.Release|Any CPU.ActiveCfg = Release|Any CPU
		{15C38F71-002C-44D3-8467-2ED893EA1120}.Release|Any CPU.Build.0 = Release|Any CPU
		{0E5FBB69-B1BA-4DDD-8CE2-228CA203C36E}.Debug|Any CPU.ActiveCfg = Debug|Any CPU
		{0E5FBB69-B1BA-4DDD-8CE2-228CA203C36E}.Debug|Any CPU.Build.0 = Debug|Any CPU
		{0E5FBB69-B1BA-4DDD-8CE2-228CA203C36E}.Release|Any CPU.ActiveCfg = Release|Any CPU
		{0E5FBB69-B1BA-4DDD-8CE2-228CA203C36E}.Release|Any CPU.Build.0 = Release|Any CPU
		{A22E55BF-9071-42BE-9F66-80D21815AADD}.Debug|Any CPU.ActiveCfg = Debug|Any CPU
		{A22E55BF-9071-42BE-9F66-80D21815AADD}.Debug|Any CPU.Build.0 = Debug|Any CPU
		{A22E55BF-9071-42BE-9F66-80D21815AADD}.Release|Any CPU.ActiveCfg = Release|Any CPU
		{A22E55BF-9071-42BE-9F66-80D21815AADD}.Release|Any CPU.Build.0 = Release|Any CPU
		{44B8941D-9B56-4024-A04B-E819AFCECA1F}.Debug|Any CPU.ActiveCfg = Debug|Any CPU
		{44B8941D-9B56-4024-A04B-E819AFCECA1F}.Debug|Any CPU.Build.0 = Debug|Any CPU
		{44B8941D-9B56-4024-A04B-E819AFCECA1F}.Release|Any CPU.ActiveCfg = Release|Any CPU
		{44B8941D-9B56-4024-A04B-E819AFCECA1F}.Release|Any CPU.Build.0 = Release|Any CPU
		{DE9DC81B-42B9-4890-A3EF-8315CA9A6D43}.Debug|Any CPU.ActiveCfg = Debug|Any CPU
		{DE9DC81B-42B9-4890-A3EF-8315CA9A6D43}.Debug|Any CPU.Build.0 = Debug|Any CPU
		{DE9DC81B-42B9-4890-A3EF-8315CA9A6D43}.Release|Any CPU.ActiveCfg = Release|Any CPU
		{DE9DC81B-42B9-4890-A3EF-8315CA9A6D43}.Release|Any CPU.Build.0 = Release|Any CPU
		{BC323D44-59D1-48C6-B8A3-EC87A5901204}.Debug|Any CPU.ActiveCfg = Debug|Any CPU
		{BC323D44-59D1-48C6-B8A3-EC87A5901204}.Debug|Any CPU.Build.0 = Debug|Any CPU
		{BC323D44-59D1-48C6-B8A3-EC87A5901204}.Release|Any CPU.ActiveCfg = Release|Any CPU
		{BC323D44-59D1-48C6-B8A3-EC87A5901204}.Release|Any CPU.Build.0 = Release|Any CPU
		{73F60DC3-B5D1-49C8-8BF0-89FB5B39C1B8}.Debug|Any CPU.ActiveCfg = Debug|Any CPU
		{73F60DC3-B5D1-49C8-8BF0-89FB5B39C1B8}.Debug|Any CPU.Build.0 = Debug|Any CPU
		{73F60DC3-B5D1-49C8-8BF0-89FB5B39C1B8}.Release|Any CPU.ActiveCfg = Release|Any CPU
		{73F60DC3-B5D1-49C8-8BF0-89FB5B39C1B8}.Release|Any CPU.Build.0 = Release|Any CPU
		{ACF11D1A-8F7B-44DA-8520-2349A870B5FD}.Debug|Any CPU.ActiveCfg = Debug|Any CPU
		{ACF11D1A-8F7B-44DA-8520-2349A870B5FD}.Debug|Any CPU.Build.0 = Debug|Any CPU
		{ACF11D1A-8F7B-44DA-8520-2349A870B5FD}.Release|Any CPU.ActiveCfg = Release|Any CPU
		{ACF11D1A-8F7B-44DA-8520-2349A870B5FD}.Release|Any CPU.Build.0 = Release|Any CPU
		{C46F6030-5DFD-4688-98D8-428F3E035DAD}.Debug|Any CPU.ActiveCfg = Debug|Any CPU
		{C46F6030-5DFD-4688-98D8-428F3E035DAD}.Debug|Any CPU.Build.0 = Debug|Any CPU
		{C46F6030-5DFD-4688-98D8-428F3E035DAD}.Release|Any CPU.ActiveCfg = Release|Any CPU
		{C46F6030-5DFD-4688-98D8-428F3E035DAD}.Release|Any CPU.Build.0 = Release|Any CPU
		{424C525B-6FDE-4F50-B409-8CE43B1F20CA}.Debug|Any CPU.ActiveCfg = Debug|Any CPU
		{424C525B-6FDE-4F50-B409-8CE43B1F20CA}.Debug|Any CPU.Build.0 = Debug|Any CPU
		{424C525B-6FDE-4F50-B409-8CE43B1F20CA}.Release|Any CPU.ActiveCfg = Release|Any CPU
		{424C525B-6FDE-4F50-B409-8CE43B1F20CA}.Release|Any CPU.Build.0 = Release|Any CPU
		{E41DB603-BF01-455D-86B0-DB482B40743F}.Debug|Any CPU.ActiveCfg = Debug|Any CPU
		{E41DB603-BF01-455D-86B0-DB482B40743F}.Debug|Any CPU.Build.0 = Debug|Any CPU
		{E41DB603-BF01-455D-86B0-DB482B40743F}.Release|Any CPU.ActiveCfg = Release|Any CPU
		{E41DB603-BF01-455D-86B0-DB482B40743F}.Release|Any CPU.Build.0 = Release|Any CPU
		{4FDCFF14-C0ED-451A-9BF9-48364E39B98B}.Debug|Any CPU.ActiveCfg = Debug|Any CPU
		{4FDCFF14-C0ED-451A-9BF9-48364E39B98B}.Debug|Any CPU.Build.0 = Debug|Any CPU
		{4FDCFF14-C0ED-451A-9BF9-48364E39B98B}.Release|Any CPU.ActiveCfg = Release|Any CPU
		{4FDCFF14-C0ED-451A-9BF9-48364E39B98B}.Release|Any CPU.Build.0 = Release|Any CPU
		{85CD44CA-548C-4809-890E-5D29F587E91E}.Debug|Any CPU.ActiveCfg = Debug|Any CPU
		{85CD44CA-548C-4809-890E-5D29F587E91E}.Debug|Any CPU.Build.0 = Debug|Any CPU
		{85CD44CA-548C-4809-890E-5D29F587E91E}.Release|Any CPU.ActiveCfg = Release|Any CPU
		{85CD44CA-548C-4809-890E-5D29F587E91E}.Release|Any CPU.Build.0 = Release|Any CPU
		{B9F7574D-C131-4EEC-A5E5-4AB6F3D32EFD}.Debug|Any CPU.ActiveCfg = Debug|Any CPU
		{B9F7574D-C131-4EEC-A5E5-4AB6F3D32EFD}.Debug|Any CPU.Build.0 = Debug|Any CPU
		{B9F7574D-C131-4EEC-A5E5-4AB6F3D32EFD}.Release|Any CPU.ActiveCfg = Release|Any CPU
		{B9F7574D-C131-4EEC-A5E5-4AB6F3D32EFD}.Release|Any CPU.Build.0 = Release|Any CPU
		{66E8D61E-0CC1-4940-8087-EA7FB4120642}.Debug|Any CPU.ActiveCfg = Debug|Any CPU
		{66E8D61E-0CC1-4940-8087-EA7FB4120642}.Debug|Any CPU.Build.0 = Debug|Any CPU
		{66E8D61E-0CC1-4940-8087-EA7FB4120642}.Release|Any CPU.ActiveCfg = Release|Any CPU
		{66E8D61E-0CC1-4940-8087-EA7FB4120642}.Release|Any CPU.Build.0 = Release|Any CPU
	EndGlobalSection
	GlobalSection(SolutionProperties) = preSolution
		HideSolutionNode = FALSE
	EndGlobalSection
	GlobalSection(NestedProjects) = preSolution
		{B9F7574D-C131-4EEC-A5E5-4AB6F3D32EFD} = {734738A9-9A69-4925-A195-5CEE1D081404}
		{66E8D61E-0CC1-4940-8087-EA7FB4120642} = {734738A9-9A69-4925-A195-5CEE1D081404}
	EndGlobalSection
	GlobalSection(ExtensibilityGlobals) = postSolution
		SolutionGuid = {0A244BDC-EE6C-4218-8982-87E249BFFA07}
	EndGlobalSection
EndGlobal
