
Microsoft Visual Studio Solution File, Format Version 12.00
# Visual Studio Version 17
VisualStudioVersion = 17.0.32014.148
MinimumVisualStudioVersion = 10.0.40219.1
Project("{2150E333-8FDC-42A3-9474-1A3956D46DE8}") = "Tests", "Tests", "{96FDC396-1D22-44B1-ACFE-81CFB32E4268}"
EndProject
Project("{9A19103F-16F7-4668-BE54-9A1E7A4F7556}") = "SFA.DAS.Funding.ApprenticeshipEarnings.Command", "SFA.DAS.Funding.ApprenticeshipEarnings.Command\SFA.DAS.Funding.ApprenticeshipEarnings.Command.csproj", "{162AD74E-6760-458B-9C9A-293EDDD21003}"
EndProject
Project("{9A19103F-16F7-4668-BE54-9A1E7A4F7556}") = "SFA.DAS.Funding.ApprenticeshipEarnings.DataAccess", "SFA.DAS.Funding.ApprenticeshipEarnings.DataAccess\SFA.DAS.Funding.ApprenticeshipEarnings.DataAccess.csproj", "{E172AA5A-8928-4FC7-B8CF-ECB45648A142}"
EndProject
Project("{00D1A9C2-B5F0-4AF3-8072-F6C62B433612}") = "SFA.DAS.Funding.ApprenticeshipEarnings.Database", "SFA.DAS.Funding.ApprenticeshipEarnings.Database\SFA.DAS.Funding.ApprenticeshipEarnings.Database.sqlproj", "{CAC7932F-3265-4884-BC9D-0BE811FDD44E}"
EndProject
Project("{9A19103F-16F7-4668-BE54-9A1E7A4F7556}") = "SFA.DAS.Funding.ApprenticeshipEarnings.Domain", "SFA.DAS.Funding.ApprenticeshipEarnings.Domain\SFA.DAS.Funding.ApprenticeshipEarnings.Domain.csproj", "{12004995-D0F4-4F99-8435-CE42C579EB7F}"
EndProject
Project("{9A19103F-16F7-4668-BE54-9A1E7A4F7556}") = "SFA.DAS.Funding.ApprenticeshipEarnings.DurableFunctions", "SFA.DAS.Funding.ApprenticeshipEarnings.DurableFunctions\SFA.DAS.Funding.ApprenticeshipEarnings.DurableFunctions.csproj", "{DB76F8B7-244D-43CF-8066-996FE3E2399C}"
EndProject
Project("{9A19103F-16F7-4668-BE54-9A1E7A4F7556}") = "SFA.DAS.Funding.ApprenticeshipEarnings.InnerApi", "SFA.DAS.Funding.ApprenticeshipEarnings.InnerApi\SFA.DAS.Funding.ApprenticeshipEarnings.InnerApi.csproj", "{92DEF2D3-AEE4-44C0-BC60-C4259A332DB8}"
EndProject
Project("{9A19103F-16F7-4668-BE54-9A1E7A4F7556}") = "SFA.DAS.Funding.ApprenticeshipEarnings.Queries", "SFA.DAS.Funding.ApprenticeshipEarnings.Queries\SFA.DAS.Funding.ApprenticeshipEarnings.Queries.csproj", "{07844F7C-BE1C-424D-BC6E-CDEDEF8C5380}"
EndProject
Global
	GlobalSection(SolutionConfigurationPlatforms) = preSolution
		Debug|Any CPU = Debug|Any CPU
		Release|Any CPU = Release|Any CPU
	EndGlobalSection
	GlobalSection(ProjectConfigurationPlatforms) = postSolution
		{162AD74E-6760-458B-9C9A-293EDDD21003}.Debug|Any CPU.ActiveCfg = Debug|Any CPU
		{162AD74E-6760-458B-9C9A-293EDDD21003}.Debug|Any CPU.Build.0 = Debug|Any CPU
		{162AD74E-6760-458B-9C9A-293EDDD21003}.Release|Any CPU.ActiveCfg = Release|Any CPU
		{162AD74E-6760-458B-9C9A-293EDDD21003}.Release|Any CPU.Build.0 = Release|Any CPU
		{E172AA5A-8928-4FC7-B8CF-ECB45648A142}.Debug|Any CPU.ActiveCfg = Debug|Any CPU
		{E172AA5A-8928-4FC7-B8CF-ECB45648A142}.Debug|Any CPU.Build.0 = Debug|Any CPU
		{E172AA5A-8928-4FC7-B8CF-ECB45648A142}.Release|Any CPU.ActiveCfg = Release|Any CPU
		{E172AA5A-8928-4FC7-B8CF-ECB45648A142}.Release|Any CPU.Build.0 = Release|Any CPU
		{CAC7932F-3265-4884-BC9D-0BE811FDD44E}.Debug|Any CPU.ActiveCfg = Debug|Any CPU
		{CAC7932F-3265-4884-BC9D-0BE811FDD44E}.Debug|Any CPU.Build.0 = Debug|Any CPU
		{CAC7932F-3265-4884-BC9D-0BE811FDD44E}.Debug|Any CPU.Deploy.0 = Debug|Any CPU
		{CAC7932F-3265-4884-BC9D-0BE811FDD44E}.Release|Any CPU.ActiveCfg = Release|Any CPU
		{CAC7932F-3265-4884-BC9D-0BE811FDD44E}.Release|Any CPU.Build.0 = Release|Any CPU
		{CAC7932F-3265-4884-BC9D-0BE811FDD44E}.Release|Any CPU.Deploy.0 = Release|Any CPU
		{12004995-D0F4-4F99-8435-CE42C579EB7F}.Debug|Any CPU.ActiveCfg = Debug|Any CPU
		{12004995-D0F4-4F99-8435-CE42C579EB7F}.Debug|Any CPU.Build.0 = Debug|Any CPU
		{12004995-D0F4-4F99-8435-CE42C579EB7F}.Release|Any CPU.ActiveCfg = Release|Any CPU
		{12004995-D0F4-4F99-8435-CE42C579EB7F}.Release|Any CPU.Build.0 = Release|Any CPU
		{DB76F8B7-244D-43CF-8066-996FE3E2399C}.Debug|Any CPU.ActiveCfg = Debug|Any CPU
		{DB76F8B7-244D-43CF-8066-996FE3E2399C}.Debug|Any CPU.Build.0 = Debug|Any CPU
		{DB76F8B7-244D-43CF-8066-996FE3E2399C}.Release|Any CPU.ActiveCfg = Release|Any CPU
		{DB76F8B7-244D-43CF-8066-996FE3E2399C}.Release|Any CPU.Build.0 = Release|Any CPU
		{92DEF2D3-AEE4-44C0-BC60-C4259A332DB8}.Debug|Any CPU.ActiveCfg = Debug|Any CPU
		{92DEF2D3-AEE4-44C0-BC60-C4259A332DB8}.Debug|Any CPU.Build.0 = Debug|Any CPU
		{92DEF2D3-AEE4-44C0-BC60-C4259A332DB8}.Release|Any CPU.ActiveCfg = Release|Any CPU
		{92DEF2D3-AEE4-44C0-BC60-C4259A332DB8}.Release|Any CPU.Build.0 = Release|Any CPU
		{07844F7C-BE1C-424D-BC6E-CDEDEF8C5380}.Debug|Any CPU.ActiveCfg = Debug|Any CPU
		{07844F7C-BE1C-424D-BC6E-CDEDEF8C5380}.Debug|Any CPU.Build.0 = Debug|Any CPU
		{07844F7C-BE1C-424D-BC6E-CDEDEF8C5380}.Release|Any CPU.ActiveCfg = Release|Any CPU
		{07844F7C-BE1C-424D-BC6E-CDEDEF8C5380}.Release|Any CPU.Build.0 = Release|Any CPU
	EndGlobalSection
	GlobalSection(SolutionProperties) = preSolution
		HideSolutionNode = FALSE
	EndGlobalSection
	GlobalSection(ExtensibilityGlobals) = postSolution
		SolutionGuid = {0A244BDC-EE6C-4218-8982-87E249BFFA07}
	EndGlobalSection
EndGlobal
