
Microsoft Visual Studio Solution File, Format Version 12.00
# Visual Studio Version 17
VisualStudioVersion = 17.0.32014.148
MinimumVisualStudioVersion = 10.0.40219.1
Project("{9A19103F-16F7-4668-BE54-9A1E7A4F7556}") = "SFA.DAS.Funding.ApprenticeshipEarnings.Command", "Command\SFA.DAS.Funding.ApprenticeshipEarnings.Command.csproj", "{162AD74E-6760-458B-9C9A-293EDDD21003}"
EndProject
Project("{9A19103F-16F7-4668-BE54-9A1E7A4F7556}") = "SFA.DAS.Funding.ApprenticeshipEarnings.DataAccess", "DataAccess\SFA.DAS.Funding.ApprenticeshipEarnings.DataAccess.csproj", "{E172AA5A-8928-4FC7-B8CF-ECB45648A142}"
EndProject
Project("{00D1A9C2-B5F0-4AF3-8072-F6C62B433612}") = "SFA.DAS.Funding.ApprenticeshipEarnings.Database", "Database\SFA.DAS.Funding.ApprenticeshipEarnings.Database.sqlproj", "{CAC7932F-3265-4884-BC9D-0BE811FDD44E}"
EndProject
Project("{9A19103F-16F7-4668-BE54-9A1E7A4F7556}") = "SFA.DAS.Funding.ApprenticeshipEarnings.Domain", "Domain\SFA.DAS.Funding.ApprenticeshipEarnings.Domain.csproj", "{12004995-D0F4-4F99-8435-CE42C579EB7F}"
EndProject
Project("{9A19103F-16F7-4668-BE54-9A1E7A4F7556}") = "SFA.DAS.Funding.ApprenticeshipEarnings.InnerApi", "InnerApi\SFA.DAS.Funding.ApprenticeshipEarnings.InnerApi.csproj", "{92DEF2D3-AEE4-44C0-BC60-C4259A332DB8}"
EndProject
Project("{9A19103F-16F7-4668-BE54-9A1E7A4F7556}") = "SFA.DAS.Funding.ApprenticeshipEarnings.Queries", "Queries\SFA.DAS.Funding.ApprenticeshipEarnings.Queries.csproj", "{07844F7C-BE1C-424D-BC6E-CDEDEF8C5380}"
EndProject
Project("{9A19103F-16F7-4668-BE54-9A1E7A4F7556}") = "SFA.DAS.Funding.ApprenticeshipEarnings.Domain.UnitTests", "Domain.UnitTests\SFA.DAS.Funding.ApprenticeshipEarnings.Domain.UnitTests.csproj", "{0E5FBB69-B1BA-4DDD-8CE2-228CA203C36E}"
EndProject
Project("{9A19103F-16F7-4668-BE54-9A1E7A4F7556}") = "SFA.DAS.Funding.ApprenticeshipEarnings.AcceptanceTests", "AcceptanceTests\SFA.DAS.Funding.ApprenticeshipEarnings.AcceptanceTests.csproj", "{A22E55BF-9071-42BE-9F66-80D21815AADD}"
EndProject
Project("{9A19103F-16F7-4668-BE54-9A1E7A4F7556}") = "SFA.DAS.Funding.ApprenticeshipEarnings.TestHelpers", "TestHelpers\SFA.DAS.Funding.ApprenticeshipEarnings.TestHelpers.csproj", "{44B8941D-9B56-4024-A04B-E819AFCECA1F}"
EndProject
Project("{9A19103F-16F7-4668-BE54-9A1E7A4F7556}") = "SFA.DAS.Funding.ApprenticeshipEarnings.DurableEntities", "DurableEntities\SFA.DAS.Funding.ApprenticeshipEarnings.DurableEntities.csproj", "{DE9DC81B-42B9-4890-A3EF-8315CA9A6D43}"
EndProject
Project("{9A19103F-16F7-4668-BE54-9A1E7A4F7556}") = "SFA.DAS.Funding.ApprenticeshipEarnings.Infrastructure", "Infrastructure\SFA.DAS.Funding.ApprenticeshipEarnings.Infrastructure.csproj", "{BC323D44-59D1-48C6-B8A3-EC87A5901204}"
EndProject
Project("{9A19103F-16F7-4668-BE54-9A1E7A4F7556}") = "SFA.DAS.Funding.ApprenticeshipEarnings.DurableEntities.UnitTests", "DurableEntities.UnitTests\SFA.DAS.Funding.ApprenticeshipEarnings.DurableEntities.UnitTests.csproj", "{C46F6030-5DFD-4688-98D8-428F3E035DAD}"
EndProject
Project("{9A19103F-16F7-4668-BE54-9A1E7A4F7556}") = "SFA.DAS.Funding.ApprenticeshipEarnings.Types", "Types\SFA.DAS.Funding.ApprenticeshipEarnings.Types.csproj", "{BF0CD92B-6380-48F4-8C5A-CE307DEC143A}"
EndProject
Project("{9A19103F-16F7-4668-BE54-9A1E7A4F7556}") = "SFA.DAS.Funding.ApprenticeshipEarnings.DataTransferObjects", "SFA.DAS.Funding.ApprenticeshipEarnings.DataTransferObjects\SFA.DAS.Funding.ApprenticeshipEarnings.DataTransferObjects.csproj", "{25169F5E-85C3-44BB-B2C6-5519477C39D3}"
EndProject
Project("{2150E333-8FDC-42A3-9474-1A3956D46DE8}") = "Tests", "Tests", "{694AAE59-8442-4592-8FA1-C7A8E7FD9A32}"
EndProject
Project("{9A19103F-16F7-4668-BE54-9A1E7A4F7556}") = "SFA.DAS.Funding.ApprenticeshipEarnings.Queries.UnitTests", "SFA.DAS.Funding.ApprenticeshipEarnings.Queries.UnitTests\SFA.DAS.Funding.ApprenticeshipEarnings.Queries.UnitTests.csproj", "{DF4CC130-1AC4-4991-A89E-8D8EB4444B80}"
EndProject
Project("{9A19103F-16F7-4668-BE54-9A1E7A4F7556}") = "SFA.DAS.Funding.ApprenticeshipEarnings.InnerApi.UnitTests", "SFA.DAS.ApprenticeshipEarnings.InnerApi.UnitTests\SFA.DAS.Funding.ApprenticeshipEarnings.InnerApi.UnitTests.csproj", "{CFA5FCF1-6C6F-4566-9CAD-8EA554FD844C}"
EndProject
Project("{9A19103F-16F7-4668-BE54-9A1E7A4F7556}") = "SFA.DAS.Funding.ApprenticeshipEarnings.DataAccess.UnitTests", "SFA.DAS.Funding.ApprenticeshipEarnings.DataAccess.UnitTests\SFA.DAS.Funding.ApprenticeshipEarnings.DataAccess.UnitTests.csproj", "{A9ACFCA1-FBD3-40DA-9AC0-116341E72F02}"
EndProject
Project("{9A19103F-16F7-4668-BE54-9A1E7A4F7556}") = "SFA.DAS.Funding.ApprenticeshipEarnings.Command.UnitTests", "Command.UnitTests\SFA.DAS.Funding.ApprenticeshipEarnings.Command.UnitTests.csproj", "{A4317C7D-7A70-488B-9625-9C22850B207B}"
EndProject
Global
	GlobalSection(SolutionConfigurationPlatforms) = preSolution
		Debug|Any CPU = Debug|Any CPU
		Release|Any CPU = Release|Any CPU
	EndGlobalSection
	GlobalSection(ProjectConfigurationPlatforms) = postSolution
		{162AD74E-6760-458B-9C9A-293EDDD21003}.Debug|Any CPU.ActiveCfg = Debug|Any CPU
		{162AD74E-6760-458B-9C9A-293EDDD21003}.Debug|Any CPU.Build.0 = Debug|Any CPU
		{162AD74E-6760-458B-9C9A-293EDDD21003}.Release|Any CPU.ActiveCfg = Release|Any CPU
		{162AD74E-6760-458B-9C9A-293EDDD21003}.Release|Any CPU.Build.0 = Release|Any CPU
		{E172AA5A-8928-4FC7-B8CF-ECB45648A142}.Debug|Any CPU.ActiveCfg = Debug|Any CPU
		{E172AA5A-8928-4FC7-B8CF-ECB45648A142}.Debug|Any CPU.Build.0 = Debug|Any CPU
		{E172AA5A-8928-4FC7-B8CF-ECB45648A142}.Release|Any CPU.ActiveCfg = Release|Any CPU
		{E172AA5A-8928-4FC7-B8CF-ECB45648A142}.Release|Any CPU.Build.0 = Release|Any CPU
		{CAC7932F-3265-4884-BC9D-0BE811FDD44E}.Debug|Any CPU.ActiveCfg = Debug|Any CPU
		{CAC7932F-3265-4884-BC9D-0BE811FDD44E}.Debug|Any CPU.Build.0 = Debug|Any CPU
		{CAC7932F-3265-4884-BC9D-0BE811FDD44E}.Debug|Any CPU.Deploy.0 = Debug|Any CPU
		{CAC7932F-3265-4884-BC9D-0BE811FDD44E}.Release|Any CPU.ActiveCfg = Release|Any CPU
		{CAC7932F-3265-4884-BC9D-0BE811FDD44E}.Release|Any CPU.Build.0 = Release|Any CPU
		{CAC7932F-3265-4884-BC9D-0BE811FDD44E}.Release|Any CPU.Deploy.0 = Release|Any CPU
		{12004995-D0F4-4F99-8435-CE42C579EB7F}.Debug|Any CPU.ActiveCfg = Debug|Any CPU
		{12004995-D0F4-4F99-8435-CE42C579EB7F}.Debug|Any CPU.Build.0 = Debug|Any CPU
		{12004995-D0F4-4F99-8435-CE42C579EB7F}.Release|Any CPU.ActiveCfg = Release|Any CPU
		{12004995-D0F4-4F99-8435-CE42C579EB7F}.Release|Any CPU.Build.0 = Release|Any CPU
		{92DEF2D3-AEE4-44C0-BC60-C4259A332DB8}.Debug|Any CPU.ActiveCfg = Debug|Any CPU
		{92DEF2D3-AEE4-44C0-BC60-C4259A332DB8}.Debug|Any CPU.Build.0 = Debug|Any CPU
		{92DEF2D3-AEE4-44C0-BC60-C4259A332DB8}.Release|Any CPU.ActiveCfg = Release|Any CPU
		{92DEF2D3-AEE4-44C0-BC60-C4259A332DB8}.Release|Any CPU.Build.0 = Release|Any CPU
		{07844F7C-BE1C-424D-BC6E-CDEDEF8C5380}.Debug|Any CPU.ActiveCfg = Debug|Any CPU
		{07844F7C-BE1C-424D-BC6E-CDEDEF8C5380}.Debug|Any CPU.Build.0 = Debug|Any CPU
		{07844F7C-BE1C-424D-BC6E-CDEDEF8C5380}.Release|Any CPU.ActiveCfg = Release|Any CPU
		{07844F7C-BE1C-424D-BC6E-CDEDEF8C5380}.Release|Any CPU.Build.0 = Release|Any CPU
		{0E5FBB69-B1BA-4DDD-8CE2-228CA203C36E}.Debug|Any CPU.ActiveCfg = Debug|Any CPU
		{0E5FBB69-B1BA-4DDD-8CE2-228CA203C36E}.Debug|Any CPU.Build.0 = Debug|Any CPU
		{0E5FBB69-B1BA-4DDD-8CE2-228CA203C36E}.Release|Any CPU.ActiveCfg = Release|Any CPU
		{0E5FBB69-B1BA-4DDD-8CE2-228CA203C36E}.Release|Any CPU.Build.0 = Release|Any CPU
		{A22E55BF-9071-42BE-9F66-80D21815AADD}.Debug|Any CPU.ActiveCfg = Debug|Any CPU
		{A22E55BF-9071-42BE-9F66-80D21815AADD}.Debug|Any CPU.Build.0 = Debug|Any CPU
		{A22E55BF-9071-42BE-9F66-80D21815AADD}.Release|Any CPU.ActiveCfg = Release|Any CPU
		{A22E55BF-9071-42BE-9F66-80D21815AADD}.Release|Any CPU.Build.0 = Release|Any CPU
		{44B8941D-9B56-4024-A04B-E819AFCECA1F}.Debug|Any CPU.ActiveCfg = Debug|Any CPU
		{44B8941D-9B56-4024-A04B-E819AFCECA1F}.Debug|Any CPU.Build.0 = Debug|Any CPU
		{44B8941D-9B56-4024-A04B-E819AFCECA1F}.Release|Any CPU.ActiveCfg = Release|Any CPU
		{44B8941D-9B56-4024-A04B-E819AFCECA1F}.Release|Any CPU.Build.0 = Release|Any CPU
		{DE9DC81B-42B9-4890-A3EF-8315CA9A6D43}.Debug|Any CPU.ActiveCfg = Debug|Any CPU
		{DE9DC81B-42B9-4890-A3EF-8315CA9A6D43}.Debug|Any CPU.Build.0 = Debug|Any CPU
		{DE9DC81B-42B9-4890-A3EF-8315CA9A6D43}.Release|Any CPU.ActiveCfg = Release|Any CPU
		{DE9DC81B-42B9-4890-A3EF-8315CA9A6D43}.Release|Any CPU.Build.0 = Release|Any CPU
		{BC323D44-59D1-48C6-B8A3-EC87A5901204}.Debug|Any CPU.ActiveCfg = Debug|Any CPU
		{BC323D44-59D1-48C6-B8A3-EC87A5901204}.Debug|Any CPU.Build.0 = Debug|Any CPU
		{BC323D44-59D1-48C6-B8A3-EC87A5901204}.Release|Any CPU.ActiveCfg = Release|Any CPU
		{BC323D44-59D1-48C6-B8A3-EC87A5901204}.Release|Any CPU.Build.0 = Release|Any CPU
		{C46F6030-5DFD-4688-98D8-428F3E035DAD}.Debug|Any CPU.ActiveCfg = Debug|Any CPU
		{C46F6030-5DFD-4688-98D8-428F3E035DAD}.Debug|Any CPU.Build.0 = Debug|Any CPU
		{C46F6030-5DFD-4688-98D8-428F3E035DAD}.Release|Any CPU.ActiveCfg = Release|Any CPU
		{C46F6030-5DFD-4688-98D8-428F3E035DAD}.Release|Any CPU.Build.0 = Release|Any CPU
		{BF0CD92B-6380-48F4-8C5A-CE307DEC143A}.Debug|Any CPU.ActiveCfg = Debug|Any CPU
		{BF0CD92B-6380-48F4-8C5A-CE307DEC143A}.Debug|Any CPU.Build.0 = Debug|Any CPU
		{BF0CD92B-6380-48F4-8C5A-CE307DEC143A}.Release|Any CPU.ActiveCfg = Release|Any CPU
		{BF0CD92B-6380-48F4-8C5A-CE307DEC143A}.Release|Any CPU.Build.0 = Release|Any CPU
		{25169F5E-85C3-44BB-B2C6-5519477C39D3}.Debug|Any CPU.ActiveCfg = Debug|Any CPU
		{25169F5E-85C3-44BB-B2C6-5519477C39D3}.Debug|Any CPU.Build.0 = Debug|Any CPU
		{25169F5E-85C3-44BB-B2C6-5519477C39D3}.Release|Any CPU.ActiveCfg = Release|Any CPU
		{25169F5E-85C3-44BB-B2C6-5519477C39D3}.Release|Any CPU.Build.0 = Release|Any CPU
		{DF4CC130-1AC4-4991-A89E-8D8EB4444B80}.Debug|Any CPU.ActiveCfg = Debug|Any CPU
		{DF4CC130-1AC4-4991-A89E-8D8EB4444B80}.Debug|Any CPU.Build.0 = Debug|Any CPU
		{DF4CC130-1AC4-4991-A89E-8D8EB4444B80}.Release|Any CPU.ActiveCfg = Release|Any CPU
		{DF4CC130-1AC4-4991-A89E-8D8EB4444B80}.Release|Any CPU.Build.0 = Release|Any CPU
		{CFA5FCF1-6C6F-4566-9CAD-8EA554FD844C}.Debug|Any CPU.ActiveCfg = Debug|Any CPU
		{CFA5FCF1-6C6F-4566-9CAD-8EA554FD844C}.Debug|Any CPU.Build.0 = Debug|Any CPU
		{CFA5FCF1-6C6F-4566-9CAD-8EA554FD844C}.Release|Any CPU.ActiveCfg = Release|Any CPU
		{CFA5FCF1-6C6F-4566-9CAD-8EA554FD844C}.Release|Any CPU.Build.0 = Release|Any CPU
		{A9ACFCA1-FBD3-40DA-9AC0-116341E72F02}.Debug|Any CPU.ActiveCfg = Debug|Any CPU
		{A9ACFCA1-FBD3-40DA-9AC0-116341E72F02}.Debug|Any CPU.Build.0 = Debug|Any CPU
		{A9ACFCA1-FBD3-40DA-9AC0-116341E72F02}.Release|Any CPU.ActiveCfg = Release|Any CPU
		{A9ACFCA1-FBD3-40DA-9AC0-116341E72F02}.Release|Any CPU.Build.0 = Release|Any CPU
		{A4317C7D-7A70-488B-9625-9C22850B207B}.Debug|Any CPU.ActiveCfg = Debug|Any CPU
		{A4317C7D-7A70-488B-9625-9C22850B207B}.Debug|Any CPU.Build.0 = Debug|Any CPU
		{A4317C7D-7A70-488B-9625-9C22850B207B}.Release|Any CPU.ActiveCfg = Release|Any CPU
		{A4317C7D-7A70-488B-9625-9C22850B207B}.Release|Any CPU.Build.0 = Release|Any CPU
	EndGlobalSection
	GlobalSection(SolutionProperties) = preSolution
		HideSolutionNode = FALSE
	EndGlobalSection
	GlobalSection(NestedProjects) = preSolution
		{0E5FBB69-B1BA-4DDD-8CE2-228CA203C36E} = {694AAE59-8442-4592-8FA1-C7A8E7FD9A32}
		{A22E55BF-9071-42BE-9F66-80D21815AADD} = {694AAE59-8442-4592-8FA1-C7A8E7FD9A32}
		{44B8941D-9B56-4024-A04B-E819AFCECA1F} = {694AAE59-8442-4592-8FA1-C7A8E7FD9A32}
		{C46F6030-5DFD-4688-98D8-428F3E035DAD} = {694AAE59-8442-4592-8FA1-C7A8E7FD9A32}
		{DF4CC130-1AC4-4991-A89E-8D8EB4444B80} = {694AAE59-8442-4592-8FA1-C7A8E7FD9A32}
		{CFA5FCF1-6C6F-4566-9CAD-8EA554FD844C} = {694AAE59-8442-4592-8FA1-C7A8E7FD9A32}
		{A9ACFCA1-FBD3-40DA-9AC0-116341E72F02} = {694AAE59-8442-4592-8FA1-C7A8E7FD9A32}
		{A4317C7D-7A70-488B-9625-9C22850B207B} = {694AAE59-8442-4592-8FA1-C7A8E7FD9A32}
	EndGlobalSection
	GlobalSection(ExtensibilityGlobals) = postSolution
		SolutionGuid = {0A244BDC-EE6C-4218-8982-87E249BFFA07}
	EndGlobalSection
EndGlobal
